// !$*UTF8*$!
{
	archiveVersion = 1;
	classes = {
	};
	objectVersion = 50;
	objects = {

/* Begin PBXBuildFile section */
		FE2AE9DA23334D57001FD864 /* GuideViewController.swift in Sources */ = {isa = PBXBuildFile; fileRef = FE2AE9D923334D57001FD864 /* GuideViewController.swift */; };
		FEA60743232F5FAF00F2E131 /* AppDelegate.swift in Sources */ = {isa = PBXBuildFile; fileRef = FEA60742232F5FAF00F2E131 /* AppDelegate.swift */; };
		FEA60745232F5FAF00F2E131 /* ViewController.swift in Sources */ = {isa = PBXBuildFile; fileRef = FEA60744232F5FAF00F2E131 /* ViewController.swift */; };
		FEA60748232F5FAF00F2E131 /* Main.storyboard in Resources */ = {isa = PBXBuildFile; fileRef = FEA60746232F5FAF00F2E131 /* Main.storyboard */; };
		FEA6074A232F5FB000F2E131 /* Assets.xcassets in Resources */ = {isa = PBXBuildFile; fileRef = FEA60749232F5FB000F2E131 /* Assets.xcassets */; };
		FEA6074D232F5FB000F2E131 /* LaunchScreen.storyboard in Resources */ = {isa = PBXBuildFile; fileRef = FEA6074B232F5FB000F2E131 /* LaunchScreen.storyboard */; };
		FEA60755232F602E00F2E131 /* AuthViewController.swift in Sources */ = {isa = PBXBuildFile; fileRef = FEA60754232F602E00F2E131 /* AuthViewController.swift */; };
		FEA60758232F7E5400F2E131 /* WKWebViewViewController.swift in Sources */ = {isa = PBXBuildFile; fileRef = FEA60756232F7E5400F2E131 /* WKWebViewViewController.swift */; };
		FEA60759232F7E5400F2E131 /* WKWebViewViewController.xib in Resources */ = {isa = PBXBuildFile; fileRef = FEA60757232F7E5400F2E131 /* WKWebViewViewController.xib */; };
/* End PBXBuildFile section */

/* Begin PBXFileReference section */
		FE2AE9D923334D57001FD864 /* GuideViewController.swift */ = {isa = PBXFileReference; lastKnownFileType = sourcecode.swift; path = GuideViewController.swift; sourceTree = "<group>"; };
		FEA6073F232F5FAF00F2E131 /* KcbWebAuth.app */ = {isa = PBXFileReference; explicitFileType = wrapper.application; includeInIndex = 0; path = KcbWebAuth.app; sourceTree = BUILT_PRODUCTS_DIR; };
		FEA60742232F5FAF00F2E131 /* AppDelegate.swift */ = {isa = PBXFileReference; lastKnownFileType = sourcecode.swift; path = AppDelegate.swift; sourceTree = "<group>"; };
		FEA60744232F5FAF00F2E131 /* ViewController.swift */ = {isa = PBXFileReference; lastKnownFileType = sourcecode.swift; path = ViewController.swift; sourceTree = "<group>"; };
		FEA60747232F5FAF00F2E131 /* Base */ = {isa = PBXFileReference; lastKnownFileType = file.storyboard; name = Base; path = Base.lproj/Main.storyboard; sourceTree = "<group>"; };
		FEA60749232F5FB000F2E131 /* Assets.xcassets */ = {isa = PBXFileReference; lastKnownFileType = folder.assetcatalog; path = Assets.xcassets; sourceTree = "<group>"; };
		FEA6074C232F5FB000F2E131 /* Base */ = {isa = PBXFileReference; lastKnownFileType = file.storyboard; name = Base; path = Base.lproj/LaunchScreen.storyboard; sourceTree = "<group>"; };
		FEA6074E232F5FB000F2E131 /* Info.plist */ = {isa = PBXFileReference; lastKnownFileType = text.plist.xml; path = Info.plist; sourceTree = "<group>"; };
		FEA60754232F602E00F2E131 /* AuthViewController.swift */ = {isa = PBXFileReference; lastKnownFileType = sourcecode.swift; path = AuthViewController.swift; sourceTree = "<group>"; };
		FEA60756232F7E5400F2E131 /* WKWebViewViewController.swift */ = {isa = PBXFileReference; lastKnownFileType = sourcecode.swift; path = WKWebViewViewController.swift; sourceTree = "<group>"; };
		FEA60757232F7E5400F2E131 /* WKWebViewViewController.xib */ = {isa = PBXFileReference; lastKnownFileType = file.xib; path = WKWebViewViewController.xib; sourceTree = "<group>"; };
/* End PBXFileReference section */

/* Begin PBXFrameworksBuildPhase section */
		FEA6073C232F5FAF00F2E131 /* Frameworks */ = {
			isa = PBXFrameworksBuildPhase;
			buildActionMask = 2147483647;
			files = (
			);
			runOnlyForDeploymentPostprocessing = 0;
		};
/* End PBXFrameworksBuildPhase section */

/* Begin PBXGroup section */
		FEA60736232F5FAE00F2E131 = {
			isa = PBXGroup;
			children = (
				FEA60741232F5FAF00F2E131 /* KcbWebAuth */,
				FEA60740232F5FAF00F2E131 /* Products */,
			);
			sourceTree = "<group>";
		};
		FEA60740232F5FAF00F2E131 /* Products */ = {
			isa = PBXGroup;
			children = (
				FEA6073F232F5FAF00F2E131 /* KcbWebAuth.app */,
			);
			name = Products;
			sourceTree = "<group>";
		};
		FEA60741232F5FAF00F2E131 /* KcbWebAuth */ = {
			isa = PBXGroup;
			children = (
				FEA60746232F5FAF00F2E131 /* Main.storyboard */,
				FEA60742232F5FAF00F2E131 /* AppDelegate.swift */,
				FEA60744232F5FAF00F2E131 /* ViewController.swift */,
				FE2AE9D923334D57001FD864 /* GuideViewController.swift */,
				FEA60754232F602E00F2E131 /* AuthViewController.swift */,
				FEA60756232F7E5400F2E131 /* WKWebViewViewController.swift */,
				FEA60757232F7E5400F2E131 /* WKWebViewViewController.xib */,
				FEA60749232F5FB000F2E131 /* Assets.xcassets */,
				FEA6074B232F5FB000F2E131 /* LaunchScreen.storyboard */,
				FEA6074E232F5FB000F2E131 /* Info.plist */,
			);
			path = KcbWebAuth;
			sourceTree = "<group>";
		};
/* End PBXGroup section */

/* Begin PBXNativeTarget section */
		FEA6073E232F5FAF00F2E131 /* KcbWebAuth */ = {
			isa = PBXNativeTarget;
			buildConfigurationList = FEA60751232F5FB000F2E131 /* Build configuration list for PBXNativeTarget "KcbWebAuth" */;
			buildPhases = (
				FEA6073B232F5FAF00F2E131 /* Sources */,
				FEA6073C232F5FAF00F2E131 /* Frameworks */,
				FEA6073D232F5FAF00F2E131 /* Resources */,
			);
			buildRules = (
			);
			dependencies = (
			);
			name = KcbWebAuth;
			productName = CustomWebView;
			productReference = FEA6073F232F5FAF00F2E131 /* KcbWebAuth.app */;
			productType = "com.apple.product-type.application";
		};
/* End PBXNativeTarget section */

/* Begin PBXProject section */
		FEA60737232F5FAE00F2E131 /* Project object */ = {
			isa = PBXProject;
			attributes = {
				LastSwiftUpdateCheck = 1030;
				LastUpgradeCheck = 1030;
				ORGANIZATIONNAME = HSOCIETY;
				TargetAttributes = {
					FEA6073E232F5FAF00F2E131 = {
						CreatedOnToolsVersion = 10.3;
					};
				};
			};
			buildConfigurationList = FEA6073A232F5FAF00F2E131 /* Build configuration list for PBXProject "KcbWebAuth" */;
			compatibilityVersion = "Xcode 9.3";
			developmentRegion = en;
			hasScannedForEncodings = 0;
			knownRegions = (
				en,
				Base,
			);
			mainGroup = FEA60736232F5FAE00F2E131;
			productRefGroup = FEA60740232F5FAF00F2E131 /* Products */;
			projectDirPath = "";
			projectRoot = "";
			targets = (
				FEA6073E232F5FAF00F2E131 /* KcbWebAuth */,
			);
		};
/* End PBXProject section */

/* Begin PBXResourcesBuildPhase section */
		FEA6073D232F5FAF00F2E131 /* Resources */ = {
			isa = PBXResourcesBuildPhase;
			buildActionMask = 2147483647;
			files = (
				FEA6074D232F5FB000F2E131 /* LaunchScreen.storyboard in Resources */,
				FEA6074A232F5FB000F2E131 /* Assets.xcassets in Resources */,
				FEA60759232F7E5400F2E131 /* WKWebViewViewController.xib in Resources */,
				FEA60748232F5FAF00F2E131 /* Main.storyboard in Resources */,
			);
			runOnlyForDeploymentPostprocessing = 0;
		};
/* End PBXResourcesBuildPhase section */

/* Begin PBXSourcesBuildPhase section */
		FEA6073B232F5FAF00F2E131 /* Sources */ = {
			isa = PBXSourcesBuildPhase;
			buildActionMask = 2147483647;
			files = (
				FEA60745232F5FAF00F2E131 /* ViewController.swift in Sources */,
				FEA60755232F602E00F2E131 /* AuthViewController.swift in Sources */,
				FEA60758232F7E5400F2E131 /* WKWebViewViewController.swift in Sources */,
				FE2AE9DA23334D57001FD864 /* GuideViewController.swift in Sources */,
				FEA60743232F5FAF00F2E131 /* AppDelegate.swift in Sources */,
			);
			runOnlyForDeploymentPostprocessing = 0;
		};
/* End PBXSourcesBuildPhase section */

/* Begin PBXVariantGroup section */
		FEA60746232F5FAF00F2E131 /* Main.storyboard */ = {
			isa = PBXVariantGroup;
			children = (
				FEA60747232F5FAF00F2E131 /* Base */,
			);
			name = Main.storyboard;
			sourceTree = "<group>";
		};
		FEA6074B232F5FB000F2E131 /* LaunchScreen.storyboard */ = {
			isa = PBXVariantGroup;
			children = (
				FEA6074C232F5FB000F2E131 /* Base */,
			);
			name = LaunchScreen.storyboard;
			sourceTree = "<group>";
		};
/* End PBXVariantGroup section */

/* Begin XCBuildConfiguration section */
		FEA6074F232F5FB000F2E131 /* Debug */ = {
			isa = XCBuildConfiguration;
			buildSettings = {
				ALWAYS_SEARCH_USER_PATHS = NO;
				CLANG_ANALYZER_NONNULL = YES;
				CLANG_ANALYZER_NUMBER_OBJECT_CONVERSION = YES_AGGRESSIVE;
				CLANG_CXX_LANGUAGE_STANDARD = "gnu++14";
				CLANG_CXX_LIBRARY = "libc++";
				CLANG_ENABLE_MODULES = YES;
				CLANG_ENABLE_OBJC_ARC = YES;
				CLANG_ENABLE_OBJC_WEAK = YES;
				CLANG_WARN_BLOCK_CAPTURE_AUTORELEASING = YES;
				CLANG_WARN_BOOL_CONVERSION = YES;
				CLANG_WARN_COMMA = YES;
				CLANG_WARN_CONSTANT_CONVERSION = YES;
				CLANG_WARN_DEPRECATED_OBJC_IMPLEMENTATIONS = YES;
				CLANG_WARN_DIRECT_OBJC_ISA_USAGE = YES_ERROR;
				CLANG_WARN_DOCUMENTATION_COMMENTS = YES;
				CLANG_WARN_EMPTY_BODY = YES;
				CLANG_WARN_ENUM_CONVERSION = YES;
				CLANG_WARN_INFINITE_RECURSION = YES;
				CLANG_WARN_INT_CONVERSION = YES;
				CLANG_WARN_NON_LITERAL_NULL_CONVERSION = YES;
				CLANG_WARN_OBJC_IMPLICIT_RETAIN_SELF = YES;
				CLANG_WARN_OBJC_LITERAL_CONVERSION = YES;
				CLANG_WARN_OBJC_ROOT_CLASS = YES_ERROR;
				CLANG_WARN_RANGE_LOOP_ANALYSIS = YES;
				CLANG_WARN_STRICT_PROTOTYPES = YES;
				CLANG_WARN_SUSPICIOUS_MOVE = YES;
				CLANG_WARN_UNGUARDED_AVAILABILITY = YES_AGGRESSIVE;
				CLANG_WARN_UNREACHABLE_CODE = YES;
				CLANG_WARN__DUPLICATE_METHOD_MATCH = YES;
				CODE_SIGN_IDENTITY = "iPhone Developer";
				COPY_PHASE_STRIP = NO;
				DEBUG_INFORMATION_FORMAT = dwarf;
				ENABLE_STRICT_OBJC_MSGSEND = YES;
				ENABLE_TESTABILITY = YES;
				GCC_C_LANGUAGE_STANDARD = gnu11;
				GCC_DYNAMIC_NO_PIC = NO;
				GCC_NO_COMMON_BLOCKS = YES;
				GCC_OPTIMIZATION_LEVEL = 0;
				GCC_PREPROCESSOR_DEFINITIONS = (
					"DEBUG=1",
					"$(inherited)",
				);
				GCC_WARN_64_TO_32_BIT_CONVERSION = YES;
				GCC_WARN_ABOUT_RETURN_TYPE = YES_ERROR;
				GCC_WARN_UNDECLARED_SELECTOR = YES;
				GCC_WARN_UNINITIALIZED_AUTOS = YES_AGGRESSIVE;
				GCC_WARN_UNUSED_FUNCTION = YES;
				GCC_WARN_UNUSED_VARIABLE = YES;
				IPHONEOS_DEPLOYMENT_TARGET = 12.4;
				MTL_ENABLE_DEBUG_INFO = INCLUDE_SOURCE;
				MTL_FAST_MATH = YES;
				ONLY_ACTIVE_ARCH = YES;
				SDKROOT = iphoneos;
				SWIFT_ACTIVE_COMPILATION_CONDITIONS = DEBUG;
				SWIFT_OPTIMIZATION_LEVEL = "-Onone";
			};
			name = Debug;
		};
		FEA60750232F5FB000F2E131 /* Release */ = {
			isa = XCBuildConfiguration;
			buildSettings = {
				ALWAYS_SEARCH_USER_PATHS = NO;
				CLANG_ANALYZER_NONNULL = YES;
				CLANG_ANALYZER_NUMBER_OBJECT_CONVERSION = YES_AGGRESSIVE;
				CLANG_CXX_LANGUAGE_STANDARD = "gnu++14";
				CLANG_CXX_LIBRARY = "libc++";
				CLANG_ENABLE_MODULES = YES;
				CLANG_ENABLE_OBJC_ARC = YES;
				CLANG_ENABLE_OBJC_WEAK = YES;
				CLANG_WARN_BLOCK_CAPTURE_AUTORELEASING = YES;
				CLANG_WARN_BOOL_CONVERSION = YES;
				CLANG_WARN_COMMA = YES;
				CLANG_WARN_CONSTANT_CONVERSION = YES;
				CLANG_WARN_DEPRECATED_OBJC_IMPLEMENTATIONS = YES;
				CLANG_WARN_DIRECT_OBJC_ISA_USAGE = YES_ERROR;
				CLANG_WARN_DOCUMENTATION_COMMENTS = YES;
				CLANG_WARN_EMPTY_BODY = YES;
				CLANG_WARN_ENUM_CONVERSION = YES;
				CLANG_WARN_INFINITE_RECURSION = YES;
				CLANG_WARN_INT_CONVERSION = YES;
				CLANG_WARN_NON_LITERAL_NULL_CONVERSION = YES;
				CLANG_WARN_OBJC_IMPLICIT_RETAIN_SELF = YES;
				CLANG_WARN_OBJC_LITERAL_CONVERSION = YES;
				CLANG_WARN_OBJC_ROOT_CLASS = YES_ERROR;
				CLANG_WARN_RANGE_LOOP_ANALYSIS = YES;
				CLANG_WARN_STRICT_PROTOTYPES = YES;
				CLANG_WARN_SUSPICIOUS_MOVE = YES;
				CLANG_WARN_UNGUARDED_AVAILABILITY = YES_AGGRESSIVE;
				CLANG_WARN_UNREACHABLE_CODE = YES;
				CLANG_WARN__DUPLICATE_METHOD_MATCH = YES;
				CODE_SIGN_IDENTITY = "iPhone Developer";
				COPY_PHASE_STRIP = NO;
				DEBUG_INFORMATION_FORMAT = "dwarf-with-dsym";
				ENABLE_NS_ASSERTIONS = NO;
				ENABLE_STRICT_OBJC_MSGSEND = YES;
				GCC_C_LANGUAGE_STANDARD = gnu11;
				GCC_NO_COMMON_BLOCKS = YES;
				GCC_WARN_64_TO_32_BIT_CONVERSION = YES;
				GCC_WARN_ABOUT_RETURN_TYPE = YES_ERROR;
				GCC_WARN_UNDECLARED_SELECTOR = YES;
				GCC_WARN_UNINITIALIZED_AUTOS = YES_AGGRESSIVE;
				GCC_WARN_UNUSED_FUNCTION = YES;
				GCC_WARN_UNUSED_VARIABLE = YES;
				IPHONEOS_DEPLOYMENT_TARGET = 12.4;
				MTL_ENABLE_DEBUG_INFO = NO;
				MTL_FAST_MATH = YES;
				SDKROOT = iphoneos;
				SWIFT_COMPILATION_MODE = wholemodule;
				SWIFT_OPTIMIZATION_LEVEL = "-O";
				VALIDATE_PRODUCT = YES;
			};
			name = Release;
		};
		FEA60752232F5FB000F2E131 /* Debug */ = {
			isa = XCBuildConfiguration;
			buildSettings = {
				ASSETCATALOG_COMPILER_APPICON_NAME = AppIcon;
				CODE_SIGN_STYLE = Manual;
				DEVELOPMENT_TEAM = DTWMHU2QN8;
				INFOPLIST_FILE = KcbWebAuth/Info.plist;
				LD_RUNPATH_SEARCH_PATHS = (
					"$(inherited)",
					"@executable_path/Frameworks",
				);
				PRODUCT_BUNDLE_IDENTIFIER = kr.co.hsociety.CustomWebView;
				PRODUCT_NAME = "$(TARGET_NAME)";
				PROVISIONING_PROFILE_SPECIFIER = hsocietyALL_DEV;
				SWIFT_VERSION = 5.0;
				TARGETED_DEVICE_FAMILY = "1,2";
			};
			name = Debug;
		};
		FEA60753232F5FB000F2E131 /* Release */ = {
			isa = XCBuildConfiguration;
			buildSettings = {
				ASSETCATALOG_COMPILER_APPICON_NAME = AppIcon;
				CODE_SIGN_STYLE = Manual;
				DEVELOPMENT_TEAM = DTWMHU2QN8;
				INFOPLIST_FILE = KcbWebAuth/Info.plist;
				LD_RUNPATH_SEARCH_PATHS = (
					"$(inherited)",
					"@executable_path/Frameworks",
				);
				PRODUCT_BUNDLE_IDENTIFIER = kr.co.hsociety.CustomWebView;
				PRODUCT_NAME = "$(TARGET_NAME)";
				PROVISIONING_PROFILE_SPECIFIER = hsocietyALL_DEV;
				SWIFT_VERSION = 5.0;
				TARGETED_DEVICE_FAMILY = "1,2";
			};
			name = Release;
		};
/* End XCBuildConfiguration section */

/* Begin XCConfigurationList section */
		FEA6073A232F5FAF00F2E131 /* Build configuration list for PBXProject "KcbWebAuth" */ = {
			isa = XCConfigurationList;
			buildConfigurations = (
				FEA6074F232F5FB000F2E131 /* Debug */,
				FEA60750232F5FB000F2E131 /* Release */,
			);
			defaultConfigurationIsVisible = 0;
			defaultConfigurationName = Release;
		};
		FEA60751232F5FB000F2E131 /* Build configuration list for PBXNativeTarget "KcbWebAuth" */ = {
			isa = XCConfigurationList;
			buildConfigurations = (
				FEA60752232F5FB000F2E131 /* Debug */,
				FEA60753232F5FB000F2E131 /* Release */,
			);
			defaultConfigurationIsVisible = 0;
			defaultConfigurationName = Release;
		};
/* End XCConfigurationList section */
	};
	rootObject = FEA60737232F5FAE00F2E131 /* Project object */;
}
